// !$*UTF8*$!
{
	archiveVersion = 1;
	classes = {
	};
	objectVersion = 50;
	objects = {

/* Begin PBXBuildFile section */
		52FAD2CF216500C8006216A0 /* AppDelegate.swift in Sources */ = {isa = PBXBuildFile; fileRef = 52FAD2CE216500C8006216A0 /* AppDelegate.swift */; };
		52FAD2D1216500C8006216A0 /* ViewController.swift in Sources */ = {isa = PBXBuildFile; fileRef = 52FAD2D0216500C8006216A0 /* ViewController.swift */; };
		52FAD2D4216500C8006216A0 /* Main.storyboard in Resources */ = {isa = PBXBuildFile; fileRef = 52FAD2D2216500C8006216A0 /* Main.storyboard */; };
		52FAD2D6216500C9006216A0 /* Assets.xcassets in Resources */ = {isa = PBXBuildFile; fileRef = 52FAD2D5216500C9006216A0 /* Assets.xcassets */; };
		52FAD2D9216500C9006216A0 /* LaunchScreen.storyboard in Resources */ = {isa = PBXBuildFile; fileRef = 52FAD2D7216500C9006216A0 /* LaunchScreen.storyboard */; };
		52FAD2E4216500C9006216A0 /* FirstProjectTests.swift in Sources */ = {isa = PBXBuildFile; fileRef = 52FAD2E3216500C9006216A0 /* FirstProjectTests.swift */; };
		52FAD2EF216500C9006216A0 /* FirstProjectUITests.swift in Sources */ = {isa = PBXBuildFile; fileRef = 52FAD2EE216500C9006216A0 /* FirstProjectUITests.swift */; };
/* End PBXBuildFile section */

/* Begin PBXContainerItemProxy section */
		52FAD2E0216500C9006216A0 /* PBXContainerItemProxy */ = {
			isa = PBXContainerItemProxy;
			containerPortal = 52FAD2C3216500C7006216A0 /* Project object */;
			proxyType = 1;
			remoteGlobalIDString = 52FAD2CA216500C7006216A0;
			remoteInfo = FirstProject;
		};
		52FAD2EB216500C9006216A0 /* PBXContainerItemProxy */ = {
			isa = PBXContainerItemProxy;
			containerPortal = 52FAD2C3216500C7006216A0 /* Project object */;
			proxyType = 1;
			remoteGlobalIDString = 52FAD2CA216500C7006216A0;
			remoteInfo = FirstProject;
		};
/* End PBXContainerItemProxy section */

/* Begin PBXFileReference section */
		52FAD2CB216500C8006216A0 /* FirstProject.app */ = {isa = PBXFileReference; explicitFileType = wrapper.application; includeInIndex = 0; path = FirstProject.app; sourceTree = BUILT_PRODUCTS_DIR; };
		52FAD2CE216500C8006216A0 /* AppDelegate.swift */ = {isa = PBXFileReference; lastKnownFileType = sourcecode.swift; path = AppDelegate.swift; sourceTree = "<group>"; };
		52FAD2D0216500C8006216A0 /* ViewController.swift */ = {isa = PBXFileReference; lastKnownFileType = sourcecode.swift; path = ViewController.swift; sourceTree = "<group>"; };
		52FAD2D3216500C8006216A0 /* Base */ = {isa = PBXFileReference; lastKnownFileType = file.storyboard; name = Base; path = Base.lproj/Main.storyboard; sourceTree = "<group>"; };
		52FAD2D5216500C9006216A0 /* Assets.xcassets */ = {isa = PBXFileReference; lastKnownFileType = folder.assetcatalog; path = Assets.xcassets; sourceTree = "<group>"; };
		52FAD2D8216500C9006216A0 /* Base */ = {isa = PBXFileReference; lastKnownFileType = file.storyboard; name = Base; path = Base.lproj/LaunchScreen.storyboard; sourceTree = "<group>"; };
		52FAD2DA216500C9006216A0 /* Info.plist */ = {isa = PBXFileReference; lastKnownFileType = text.plist.xml; path = Info.plist; sourceTree = "<group>"; };
		52FAD2DF216500C9006216A0 /* FirstProjectTests.xctest */ = {isa = PBXFileReference; explicitFileType = wrapper.cfbundle; includeInIndex = 0; path = FirstProjectTests.xctest; sourceTree = BUILT_PRODUCTS_DIR; };
		52FAD2E3216500C9006216A0 /* FirstProjectTests.swift */ = {isa = PBXFileReference; lastKnownFileType = sourcecode.swift; path = FirstProjectTests.swift; sourceTree = "<group>"; };
		52FAD2E5216500C9006216A0 /* Info.plist */ = {isa = PBXFileReference; lastKnownFileType = text.plist.xml; path = Info.plist; sourceTree = "<group>"; };
		52FAD2EA216500C9006216A0 /* FirstProjectUITests.xctest */ = {isa = PBXFileReference; explicitFileType = wrapper.cfbundle; includeInIndex = 0; path = FirstProjectUITests.xctest; sourceTree = BUILT_PRODUCTS_DIR; };
		52FAD2EE216500C9006216A0 /* FirstProjectUITests.swift */ = {isa = PBXFileReference; lastKnownFileType = sourcecode.swift; path = FirstProjectUITests.swift; sourceTree = "<group>"; };
		52FAD2F0216500C9006216A0 /* Info.plist */ = {isa = PBXFileReference; lastKnownFileType = text.plist.xml; path = Info.plist; sourceTree = "<group>"; };
/* End PBXFileReference section */

/* Begin PBXFrameworksBuildPhase section */
		52FAD2C8216500C7006216A0 /* Frameworks */ = {
			isa = PBXFrameworksBuildPhase;
			buildActionMask = 2147483647;
			files = (
			);
			runOnlyForDeploymentPostprocessing = 0;
		};
		52FAD2DC216500C9006216A0 /* Frameworks */ = {
			isa = PBXFrameworksBuildPhase;
			buildActionMask = 2147483647;
			files = (
			);
			runOnlyForDeploymentPostprocessing = 0;
		};
		52FAD2E7216500C9006216A0 /* Frameworks */ = {
			isa = PBXFrameworksBuildPhase;
			buildActionMask = 2147483647;
			files = (
			);
			runOnlyForDeploymentPostprocessing = 0;
		};
/* End PBXFrameworksBuildPhase section */

/* Begin PBXGroup section */
		52FAD2C2216500C7006216A0 = {
			isa = PBXGroup;
			children = (
				52FAD2CD216500C8006216A0 /* FirstProject */,
				52FAD2E2216500C9006216A0 /* FirstProjectTests */,
				52FAD2ED216500C9006216A0 /* FirstProjectUITests */,
				52FAD2CC216500C8006216A0 /* Products */,
			);
			sourceTree = "<group>";
		};
		52FAD2CC216500C8006216A0 /* Products */ = {
			isa = PBXGroup;
			children = (
				52FAD2CB216500C8006216A0 /* FirstProject.app */,
				52FAD2DF216500C9006216A0 /* FirstProjectTests.xctest */,
				52FAD2EA216500C9006216A0 /* FirstProjectUITests.xctest */,
			);
			name = Products;
			sourceTree = "<group>";
		};
		52FAD2CD216500C8006216A0 /* FirstProject */ = {
			isa = PBXGroup;
			children = (
				52FAD2CE216500C8006216A0 /* AppDelegate.swift */,
				52FAD2D0216500C8006216A0 /* ViewController.swift */,
				52FAD2D2216500C8006216A0 /* Main.storyboard */,
				52FAD2D5216500C9006216A0 /* Assets.xcassets */,
				52FAD2D7216500C9006216A0 /* LaunchScreen.storyboard */,
				52FAD2DA216500C9006216A0 /* Info.plist */,
			);
			path = FirstProject;
			sourceTree = "<group>";
		};
		52FAD2E2216500C9006216A0 /* FirstProjectTests */ = {
			isa = PBXGroup;
			children = (
				52FAD2E3216500C9006216A0 /* FirstProjectTests.swift */,
				52FAD2E5216500C9006216A0 /* Info.plist */,
			);
			path = FirstProjectTests;
			sourceTree = "<group>";
		};
		52FAD2ED216500C9006216A0 /* FirstProjectUITests */ = {
			isa = PBXGroup;
			children = (
				52FAD2EE216500C9006216A0 /* FirstProjectUITests.swift */,
				52FAD2F0216500C9006216A0 /* Info.plist */,
			);
			path = FirstProjectUITests;
			sourceTree = "<group>";
		};
/* End PBXGroup section */

/* Begin PBXNativeTarget section */
		52FAD2CA216500C7006216A0 /* FirstProject */ = {
			isa = PBXNativeTarget;
			buildConfigurationList = 52FAD2F3216500C9006216A0 /* Build configuration list for PBXNativeTarget "FirstProject" */;
			buildPhases = (
				52FAD2C7216500C7006216A0 /* Sources */,
				52FAD2C8216500C7006216A0 /* Frameworks */,
				52FAD2C9216500C7006216A0 /* Resources */,
			);
			buildRules = (
			);
			dependencies = (
			);
			name = FirstProject;
			productName = FirstProject;
			productReference = 52FAD2CB216500C8006216A0 /* FirstProject.app */;
			productType = "com.apple.product-type.application";
		};
		52FAD2DE216500C9006216A0 /* FirstProjectTests */ = {
			isa = PBXNativeTarget;
			buildConfigurationList = 52FAD2F6216500C9006216A0 /* Build configuration list for PBXNativeTarget "FirstProjectTests" */;
			buildPhases = (
				52FAD2DB216500C9006216A0 /* Sources */,
				52FAD2DC216500C9006216A0 /* Frameworks */,
				52FAD2DD216500C9006216A0 /* Resources */,
			);
			buildRules = (
			);
			dependencies = (
				52FAD2E1216500C9006216A0 /* PBXTargetDependency */,
			);
			name = FirstProjectTests;
			productName = FirstProjectTests;
			productReference = 52FAD2DF216500C9006216A0 /* FirstProjectTests.xctest */;
			productType = "com.apple.product-type.bundle.unit-test";
		};
		52FAD2E9216500C9006216A0 /* FirstProjectUITests */ = {
			isa = PBXNativeTarget;
			buildConfigurationList = 52FAD2F9216500C9006216A0 /* Build configuration list for PBXNativeTarget "FirstProjectUITests" */;
			buildPhases = (
				52FAD2E6216500C9006216A0 /* Sources */,
				52FAD2E7216500C9006216A0 /* Frameworks */,
				52FAD2E8216500C9006216A0 /* Resources */,
			);
			buildRules = (
			);
			dependencies = (
				52FAD2EC216500C9006216A0 /* PBXTargetDependency */,
			);
			name = FirstProjectUITests;
			productName = FirstProjectUITests;
			productReference = 52FAD2EA216500C9006216A0 /* FirstProjectUITests.xctest */;
			productType = "com.apple.product-type.bundle.ui-testing";
		};
/* End PBXNativeTarget section */

/* Begin PBXProject section */
		52FAD2C3216500C7006216A0 /* Project object */ = {
			isa = PBXProject;
			attributes = {
				LastSwiftUpdateCheck = 0940;
				LastUpgradeCheck = 0940;
				ORGANIZATIONNAME = Mubs;
				TargetAttributes = {
					52FAD2CA216500C7006216A0 = {
						CreatedOnToolsVersion = 9.4.1;
					};
					52FAD2DE216500C9006216A0 = {
						CreatedOnToolsVersion = 9.4.1;
						TestTargetID = 52FAD2CA216500C7006216A0;
					};
					52FAD2E9216500C9006216A0 = {
						CreatedOnToolsVersion = 9.4.1;
						TestTargetID = 52FAD2CA216500C7006216A0;
					};
				};
			};
			buildConfigurationList = 52FAD2C6216500C7006216A0 /* Build configuration list for PBXProject "FirstProject" */;
			compatibilityVersion = "Xcode 9.3";
			developmentRegion = en;
			hasScannedForEncodings = 0;
			knownRegions = (
				en,
				Base,
			);
			mainGroup = 52FAD2C2216500C7006216A0;
			productRefGroup = 52FAD2CC216500C8006216A0 /* Products */;
			projectDirPath = "";
			projectRoot = "";
			targets = (
				52FAD2CA216500C7006216A0 /* FirstProject */,
				52FAD2DE216500C9006216A0 /* FirstProjectTests */,
				52FAD2E9216500C9006216A0 /* FirstProjectUITests */,
			);
		};
/* End PBXProject section */

/* Begin PBXResourcesBuildPhase section */
		52FAD2C9216500C7006216A0 /* Resources */ = {
			isa = PBXResourcesBuildPhase;
			buildActionMask = 2147483647;
			files = (
				52FAD2D9216500C9006216A0 /* LaunchScreen.storyboard in Resources */,
				52FAD2D6216500C9006216A0 /* Assets.xcassets in Resources */,
				52FAD2D4216500C8006216A0 /* Main.storyboard in Resources */,
			);
			runOnlyForDeploymentPostprocessing = 0;
		};
		52FAD2DD216500C9006216A0 /* Resources */ = {
			isa = PBXResourcesBuildPhase;
			buildActionMask = 2147483647;
			files = (
			);
			runOnlyForDeploymentPostprocessing = 0;
		};
		52FAD2E8216500C9006216A0 /* Resources */ = {
			isa = PBXResourcesBuildPhase;
			buildActionMask = 2147483647;
			files = (
			);
			runOnlyForDeploymentPostprocessing = 0;
		};
/* End PBXResourcesBuildPhase section */

/* Begin PBXSourcesBuildPhase section */
		52FAD2C7216500C7006216A0 /* Sources */ = {
			isa = PBXSourcesBuildPhase;
			buildActionMask = 2147483647;
			files = (
				52FAD2D1216500C8006216A0 /* ViewController.swift in Sources */,
				52FAD2CF216500C8006216A0 /* AppDelegate.swift in Sources */,
			);
			runOnlyForDeploymentPostprocessing = 0;
		};
		52FAD2DB216500C9006216A0 /* Sources */ = {
			isa = PBXSourcesBuildPhase;
			buildActionMask = 2147483647;
			files = (
				52FAD2E4216500C9006216A0 /* FirstProjectTests.swift in Sources */,
			);
			runOnlyForDeploymentPostprocessing = 0;
		};
		52FAD2E6216500C9006216A0 /* Sources */ = {
			isa = PBXSourcesBuildPhase;
			buildActionMask = 2147483647;
			files = (
				52FAD2EF216500C9006216A0 /* FirstProjectUITests.swift in Sources */,
			);
			runOnlyForDeploymentPostprocessing = 0;
		};
/* End PBXSourcesBuildPhase section */

/* Begin PBXTargetDependency section */
		52FAD2E1216500C9006216A0 /* PBXTargetDependency */ = {
			isa = PBXTargetDependency;
			target = 52FAD2CA216500C7006216A0 /* FirstProject */;
			targetProxy = 52FAD2E0216500C9006216A0 /* PBXContainerItemProxy */;
		};
		52FAD2EC216500C9006216A0 /* PBXTargetDependency */ = {
			isa = PBXTargetDependency;
			target = 52FAD2CA216500C7006216A0 /* FirstProject */;
			targetProxy = 52FAD2EB216500C9006216A0 /* PBXContainerItemProxy */;
		};
/* End PBXTargetDependency section */

/* Begin PBXVariantGroup section */
		52FAD2D2216500C8006216A0 /* Main.storyboard */ = {
			isa = PBXVariantGroup;
			children = (
				52FAD2D3216500C8006216A0 /* Base */,
			);
			name = Main.storyboard;
			sourceTree = "<group>";
		};
		52FAD2D7216500C9006216A0 /* LaunchScreen.storyboard */ = {
			isa = PBXVariantGroup;
			children = (
				52FAD2D8216500C9006216A0 /* Base */,
			);
			name = LaunchScreen.storyboard;
			sourceTree = "<group>";
		};
/* End PBXVariantGroup section */

/* Begin XCBuildConfiguration section */
		52FAD2F1216500C9006216A0 /* Debug */ = {
			isa = XCBuildConfiguration;
			buildSettings = {
				ALWAYS_SEARCH_USER_PATHS = NO;
				CLANG_ANALYZER_NONNULL = YES;
				CLANG_ANALYZER_NUMBER_OBJECT_CONVERSION = YES_AGGRESSIVE;
				CLANG_CXX_LANGUAGE_STANDARD = "gnu++14";
				CLANG_CXX_LIBRARY = "libc++";
				CLANG_ENABLE_MODULES = YES;
				CLANG_ENABLE_OBJC_ARC = YES;
				CLANG_ENABLE_OBJC_WEAK = YES;
				CLANG_WARN_BLOCK_CAPTURE_AUTORELEASING = YES;
				CLANG_WARN_BOOL_CONVERSION = YES;
				CLANG_WARN_COMMA = YES;
				CLANG_WARN_CONSTANT_CONVERSION = YES;
				CLANG_WARN_DEPRECATED_OBJC_IMPLEMENTATIONS = YES;
				CLANG_WARN_DIRECT_OBJC_ISA_USAGE = YES_ERROR;
				CLANG_WARN_DOCUMENTATION_COMMENTS = YES;
				CLANG_WARN_EMPTY_BODY = YES;
				CLANG_WARN_ENUM_CONVERSION = YES;
				CLANG_WARN_INFINITE_RECURSION = YES;
				CLANG_WARN_INT_CONVERSION = YES;
				CLANG_WARN_NON_LITERAL_NULL_CONVERSION = YES;
				CLANG_WARN_OBJC_IMPLICIT_RETAIN_SELF = YES;
				CLANG_WARN_OBJC_LITERAL_CONVERSION = YES;
				CLANG_WARN_OBJC_ROOT_CLASS = YES_ERROR;
				CLANG_WARN_RANGE_LOOP_ANALYSIS = YES;
				CLANG_WARN_STRICT_PROTOTYPES = YES;
				CLANG_WARN_SUSPICIOUS_MOVE = YES;
				CLANG_WARN_UNGUARDED_AVAILABILITY = YES_AGGRESSIVE;
				CLANG_WARN_UNREACHABLE_CODE = YES;
				CLANG_WARN__DUPLICATE_METHOD_MATCH = YES;
				CODE_SIGN_IDENTITY = "iPhone Developer";
				COPY_PHASE_STRIP = NO;
				DEBUG_INFORMATION_FORMAT = dwarf;
				ENABLE_STRICT_OBJC_MSGSEND = YES;
				ENABLE_TESTABILITY = YES;
				GCC_C_LANGUAGE_STANDARD = gnu11;
				GCC_DYNAMIC_NO_PIC = NO;
				GCC_NO_COMMON_BLOCKS = YES;
				GCC_OPTIMIZATION_LEVEL = 0;
				GCC_PREPROCESSOR_DEFINITIONS = (
					"DEBUG=1",
					"$(inherited)",
				);
				GCC_WARN_64_TO_32_BIT_CONVERSION = YES;
				GCC_WARN_ABOUT_RETURN_TYPE = YES_ERROR;
				GCC_WARN_UNDECLARED_SELECTOR = YES;
				GCC_WARN_UNINITIALIZED_AUTOS = YES_AGGRESSIVE;
				GCC_WARN_UNUSED_FUNCTION = YES;
				GCC_WARN_UNUSED_VARIABLE = YES;
				IPHONEOS_DEPLOYMENT_TARGET = 11.4;
				MTL_ENABLE_DEBUG_INFO = YES;
				ONLY_ACTIVE_ARCH = YES;
				SDKROOT = iphoneos;
				SWIFT_ACTIVE_COMPILATION_CONDITIONS = DEBUG;
				SWIFT_OPTIMIZATION_LEVEL = "-Onone";
			};
			name = Debug;
		};
		52FAD2F2216500C9006216A0 /* Release */ = {
			isa = XCBuildConfiguration;
			buildSettings = {
				ALWAYS_SEARCH_USER_PATHS = NO;
				CLANG_ANALYZER_NONNULL = YES;
				CLANG_ANALYZER_NUMBER_OBJECT_CONVERSION = YES_AGGRESSIVE;
				CLANG_CXX_LANGUAGE_STANDARD = "gnu++14";
				CLANG_CXX_LIBRARY = "libc++";
				CLANG_ENABLE_MODULES = YES;
				CLANG_ENABLE_OBJC_ARC = YES;
				CLANG_ENABLE_OBJC_WEAK = YES;
				CLANG_WARN_BLOCK_CAPTURE_AUTORELEASING = YES;
				CLANG_WARN_BOOL_CONVERSION = YES;
				CLANG_WARN_COMMA = YES;
				CLANG_WARN_CONSTANT_CONVERSION = YES;
				CLANG_WARN_DEPRECATED_OBJC_IMPLEMENTATIONS = YES;
				CLANG_WARN_DIRECT_OBJC_ISA_USAGE = YES_ERROR;
				CLANG_WARN_DOCUMENTATION_COMMENTS = YES;
				CLANG_WARN_EMPTY_BODY = YES;
				CLANG_WARN_ENUM_CONVERSION = YES;
				CLANG_WARN_INFINITE_RECURSION = YES;
				CLANG_WARN_INT_CONVERSION = YES;
				CLANG_WARN_NON_LITERAL_NULL_CONVERSION = YES;
				CLANG_WARN_OBJC_IMPLICIT_RETAIN_SELF = YES;
				CLANG_WARN_OBJC_LITERAL_CONVERSION = YES;
				CLANG_WARN_OBJC_ROOT_CLASS = YES_ERROR;
				CLANG_WARN_RANGE_LOOP_ANALYSIS = YES;
				CLANG_WARN_STRICT_PROTOTYPES = YES;
				CLANG_WARN_SUSPICIOUS_MOVE = YES;
				CLANG_WARN_UNGUARDED_AVAILABILITY = YES_AGGRESSIVE;
				CLANG_WARN_UNREACHABLE_CODE = YES;
				CLANG_WARN__DUPLICATE_METHOD_MATCH = YES;
				CODE_SIGN_IDENTITY = "iPhone Developer";
				COPY_PHASE_STRIP = NO;
				DEBUG_INFORMATION_FORMAT = "dwarf-with-dsym";
				ENABLE_NS_ASSERTIONS = NO;
				ENABLE_STRICT_OBJC_MSGSEND = YES;
				GCC_C_LANGUAGE_STANDARD = gnu11;
				GCC_NO_COMMON_BLOCKS = YES;
				GCC_WARN_64_TO_32_BIT_CONVERSION = YES;
				GCC_WARN_ABOUT_RETURN_TYPE = YES_ERROR;
				GCC_WARN_UNDECLARED_SELECTOR = YES;
				GCC_WARN_UNINITIALIZED_AUTOS = YES_AGGRESSIVE;
				GCC_WARN_UNUSED_FUNCTION = YES;
				GCC_WARN_UNUSED_VARIABLE = YES;
				IPHONEOS_DEPLOYMENT_TARGET = 11.4;
				MTL_ENABLE_DEBUG_INFO = NO;
				SDKROOT = iphoneos;
				SWIFT_COMPILATION_MODE = wholemodule;
				SWIFT_OPTIMIZATION_LEVEL = "-O";
				VALIDATE_PRODUCT = YES;
			};
			name = Release;
		};
		52FAD2F4216500C9006216A0 /* Debug */ = {
			isa = XCBuildConfiguration;
			buildSettings = {
				ASSETCATALOG_COMPILER_APPICON_NAME = AppIcon;
				CODE_SIGN_STYLE = Automatic;
				INFOPLIST_FILE = FirstProject/Info.plist;
				LD_RUNPATH_SEARCH_PATHS = (
					"$(inherited)",
					"@executable_path/Frameworks",
				);
				PRODUCT_BUNDLE_IDENTIFIER = MubsCompany.FirstProject;
				PRODUCT_NAME = "$(TARGET_NAME)";
				SWIFT_VERSION = 4.0;
				TARGETED_DEVICE_FAMILY = "1,2";
			};
			name = Debug;
		};
		52FAD2F5216500C9006216A0 /* Release */ = {
			isa = XCBuildConfiguration;
			buildSettings = {
				ASSETCATALOG_COMPILER_APPICON_NAME = AppIcon;
				CODE_SIGN_STYLE = Automatic;
				INFOPLIST_FILE = FirstProject/Info.plist;
				LD_RUNPATH_SEARCH_PATHS = (
					"$(inherited)",
					"@executable_path/Frameworks",
				);
				PRODUCT_BUNDLE_IDENTIFIER = MubsCompany.FirstProject;
				PRODUCT_NAME = "$(TARGET_NAME)";
				SWIFT_VERSION = 4.0;
				TARGETED_DEVICE_FAMILY = "1,2";
			};
			name = Release;
		};
		52FAD2F7216500C9006216A0 /* Debug */ = {
			isa = XCBuildConfiguration;
			buildSettings = {
				ALWAYS_EMBED_SWIFT_STANDARD_LIBRARIES = YES;
				BUNDLE_LOADER = "$(TEST_HOST)";
				CODE_SIGN_STYLE = Automatic;
				INFOPLIST_FILE = FirstProjectTests/Info.plist;
				LD_RUNPATH_SEARCH_PATHS = (
					"$(inherited)",
					"@executable_path/Frameworks",
					"@loader_path/Frameworks",
				);
				PRODUCT_BUNDLE_IDENTIFIER = MubsCompany.FirstProjectTests;
				PRODUCT_NAME = "$(TARGET_NAME)";
				SWIFT_VERSION = 4.0;
				TARGETED_DEVICE_FAMILY = "1,2";
				TEST_HOST = "$(BUILT_PRODUCTS_DIR)/FirstProject.app/FirstProject";
			};
			name = Debug;
		};
		52FAD2F8216500C9006216A0 /* Release */ = {
			isa = XCBuildConfiguration;
			buildSettings = {
				ALWAYS_EMBED_SWIFT_STANDARD_LIBRARIES = YES;
				BUNDLE_LOADER = "$(TEST_HOST)";
				CODE_SIGN_STYLE = Automatic;
				INFOPLIST_FILE = FirstProjectTests/Info.plist;
				LD_RUNPATH_SEARCH_PATHS = (
					"$(inherited)",
					"@executable_path/Frameworks",
					"@loader_path/Frameworks",
				);
				PRODUCT_BUNDLE_IDENTIFIER = MubsCompany.FirstProjectTests;
				PRODUCT_NAME = "$(TARGET_NAME)";
				SWIFT_VERSION = 4.0;
				TARGETED_DEVICE_FAMILY = "1,2";
				TEST_HOST = "$(BUILT_PRODUCTS_DIR)/FirstProject.app/FirstProject";
			};
			name = Release;
		};
		52FAD2FA216500C9006216A0 /* Debug */ = {
			isa = XCBuildConfiguration;
			buildSettings = {
				ALWAYS_EMBED_SWIFT_STANDARD_LIBRARIES = YES;
				CODE_SIGN_STYLE = Automatic;
				INFOPLIST_FILE = FirstProjectUITests/Info.plist;
				LD_RUNPATH_SEARCH_PATHS = (
					"$(inherited)",
					"@executable_path/Frameworks",
					"@loader_path/Frameworks",
				);
				PRODUCT_BUNDLE_IDENTIFIER = MubsCompany.FirstProjectUITests;
				PRODUCT_NAME = "$(TARGET_NAME)";
				SWIFT_VERSION = 4.0;
				TARGETED_DEVICE_FAMILY = "1,2";
				TEST_TARGET_NAME = FirstProject;
			};
			name = Debug;
		};
		52FAD2FB216500C9006216A0 /* Release */ = {
			isa = XCBuildConfiguration;
			buildSettings = {
				ALWAYS_EMBED_SWIFT_STANDARD_LIBRARIES = YES;
				CODE_SIGN_STYLE = Automatic;
				INFOPLIST_FILE = FirstProjectUITests/Info.plist;
				LD_RUNPATH_SEARCH_PATHS = (
					"$(inherited)",
					"@executable_path/Frameworks",
					"@loader_path/Frameworks",
				);
				PRODUCT_BUNDLE_IDENTIFIER = MubsCompany.FirstProjectUITests;
				PRODUCT_NAME = "$(TARGET_NAME)";
				SWIFT_VERSION = 4.0;
				TARGETED_DEVICE_FAMILY = "1,2";
				TEST_TARGET_NAME = FirstProject;
			};
			name = Release;
		};
/* End XCBuildConfiguration section */

/* Begin XCConfigurationList section */
		52FAD2C6216500C7006216A0 /* Build configuration list for PBXProject "FirstProject" */ = {
			isa = XCConfigurationList;
			buildConfigurations = (
				52FAD2F1216500C9006216A0 /* Debug */,
				52FAD2F2216500C9006216A0 /* Release */,
			);
			defaultConfigurationIsVisible = 0;
			defaultConfigurationName = Release;
		};
		52FAD2F3216500C9006216A0 /* Build configuration list for PBXNativeTarget "FirstProject" */ = {
			isa = XCConfigurationList;
			buildConfigurations = (
				52FAD2F4216500C9006216A0 /* Debug */,
				52FAD2F5216500C9006216A0 /* Release */,
			);
			defaultConfigurationIsVisible = 0;
			defaultConfigurationName = Release;
		};
		52FAD2F6216500C9006216A0 /* Build configuration list for PBXNativeTarget "FirstProjectTests" */ = {
			isa = XCConfigurationList;
			buildConfigurations = (
				52FAD2F7216500C9006216A0 /* Debug */,
				52FAD2F8216500C9006216A0 /* Release */,
			);
			defaultConfigurationIsVisible = 0;
			defaultConfigurationName = Release;
		};
		52FAD2F9216500C9006216A0 /* Build configuration list for PBXNativeTarget "FirstProjectUITests" */ = {
			isa = XCConfigurationList;
			buildConfigurations = (
				52FAD2FA216500C9006216A0 /* Debug */,
				52FAD2FB216500C9006216A0 /* Release */,
			);
			defaultConfigurationIsVisible = 0;
			defaultConfigurationName = Release;
		};
/* End XCConfigurationList section */
	};
	rootObject = 52FAD2C3216500C7006216A0 /* Project object */;
}
